PODS:
  - carrier_info (0.0.1):
    - Flutter
  - Flutter (1.0.0)

DEPENDENCIES:
  - carrier_info (from `.symlinks/plugins/carrier_info/ios`)
  - Flutter (from `Flutter`)

EXTERNAL SOURCES:
  carrier_info:
    :path: ".symlinks/plugins/carrier_info/ios"
  Flutter:
    :path: Flutter

SPEC CHECKSUMS:
  carrier_info: 7bce0e30540c371313d12d167af3fb63ce923833
  Flutter: 71a624a5bc0c04062bf19101d501e466baf2fb47

PODFILE CHECKSUM: a938cb79d452854fa9f13c14ded5e356e38f0fc7

COCOAPODS: 1.17.0
